
Microsoft Visual Studio Solution File, Format Version 12.00
# Visual Studio Version 16
VisualStudioVersion = 16.0.32901.82
MinimumVisualStudioVersion = 10.0.40219.1
Project("{FAE04EC0-301F-11D3-BF4B-00C04F79EFBC}") = "PlaneLib", "PlaneLib\PlaneLib.csproj", "{F8E15CA9-137F-4D24-BA15-CF9A3E707452}"
EndProject
Project("{FAE04EC0-301F-11D3-BF4B-00C04F79EFBC}") = "PlaneConsole", "PlaneConsole\PlaneConsole.csproj", "{B510DFF5-84E2-4C22-9D75-A0F670AB52D1}"
EndProject
Global
	GlobalSection(SolutionConfigurationPlatforms) = preSolution
		Debug|Any CPU = Debug|Any CPU
		Release|Any CPU = Release|Any CPU
	EndGlobalSection
	GlobalSection(ProjectConfigurationPlatforms) = postSolution
		{F8E15CA9-137F-4D24-BA15-CF9A3E707452}.Debug|Any CPU.ActiveCfg = Debug|Any CPU
		{F8E15CA9-137F-4D24-BA15-CF9A3E707452}.Debug|Any CPU.Build.0 = Debug|Any CPU
		{F8E15CA9-137F-4D24-BA15-CF9A3E707452}.Release|Any CPU.ActiveCfg = Release|Any CPU
		{F8E15CA9-137F-4D24-BA15-CF9A3E707452}.Release|Any CPU.Build.0 = Release|Any CPU
		{B510DFF5-84E2-4C22-9D75-A0F670AB52D1}.Debug|Any CPU.ActiveCfg = Debug|Any CPU
		{B510DFF5-84E2-4C22-9D75-A0F670AB52D1}.Debug|Any CPU.Build.0 = Debug|Any CPU
		{B510DFF5-84E2-4C22-9D75-A0F670AB52D1}.Release|Any CPU.ActiveCfg = Release|Any CPU
		{B510DFF5-84E2-4C22-9D75-A0F670AB52D1}.Release|Any CPU.Build.0 = Release|Any CPU
	EndGlobalSection
	GlobalSection(SolutionProperties) = preSolution
		HideSolutionNode = FALSE
	EndGlobalSection
	GlobalSection(ExtensibilityGlobals) = postSolution
		SolutionGuid = {758CF822-CDB3-49E9-859E-334B2959CAC7}
	EndGlobalSection
EndGlobal
